// !$*UTF8*$!
{
	archiveVersion = 1;
	classes = {
	};
	objectVersion = 46;
	objects = {

/* Begin PBXBuildFile section */
		7417832B1D8AB5120015534A /* main.m in Sources */ = {isa = PBXBuildFile; fileRef = 7417832A1D8AB5120015534A /* main.m */; };
		7417832E1D8AB5120015534A /* AppDelegate.m in Sources */ = {isa = PBXBuildFile; fileRef = 7417832D1D8AB5120015534A /* AppDelegate.m */; };
		741783341D8AB5120015534A /* Main.storyboard in Resources */ = {isa = PBXBuildFile; fileRef = 741783321D8AB5120015534A /* Main.storyboard */; };
		741783361D8AB5120015534A /* Assets.xcassets in Resources */ = {isa = PBXBuildFile; fileRef = 741783351D8AB5120015534A /* Assets.xcassets */; };
		741783391D8AB5120015534A /* LaunchScreen.storyboard in Resources */ = {isa = PBXBuildFile; fileRef = 741783371D8AB5120015534A /* LaunchScreen.storyboard */; };
		741783421D8AB5590015534A /* ItemsViewController.m in Sources */ = {isa = PBXBuildFile; fileRef = 741783411D8AB5590015534A /* ItemsViewController.m */; };
		741783461D8AB74E0015534A /* Item.m in Sources */ = {isa = PBXBuildFile; fileRef = 741783451D8AB74E0015534A /* Item.m */; };
		7417834A1D8AB9B20015534A /* ItemStore.m in Sources */ = {isa = PBXBuildFile; fileRef = 741783491D8AB9B20015534A /* ItemStore.m */; };
/* End PBXBuildFile section */

/* Begin PBXFileReference section */
		741783261D8AB5120015534A /* Homepwner.app */ = {isa = PBXFileReference; explicitFileType = wrapper.application; includeInIndex = 0; path = Homepwner.app; sourceTree = BUILT_PRODUCTS_DIR; };
		7417832A1D8AB5120015534A /* main.m */ = {isa = PBXFileReference; lastKnownFileType = sourcecode.c.objc; path = main.m; sourceTree = "<group>"; };
		7417832C1D8AB5120015534A /* AppDelegate.h */ = {isa = PBXFileReference; lastKnownFileType = sourcecode.c.h; path = AppDelegate.h; sourceTree = "<group>"; };
		7417832D1D8AB5120015534A /* AppDelegate.m */ = {isa = PBXFileReference; lastKnownFileType = sourcecode.c.objc; path = AppDelegate.m; sourceTree = "<group>"; };
		741783331D8AB5120015534A /* Base */ = {isa = PBXFileReference; lastKnownFileType = file.storyboard; name = Base; path = Base.lproj/Main.storyboard; sourceTree = "<group>"; };
		741783351D8AB5120015534A /* Assets.xcassets */ = {isa = PBXFileReference; lastKnownFileType = folder.assetcatalog; path = Assets.xcassets; sourceTree = "<group>"; };
		741783381D8AB5120015534A /* Base */ = {isa = PBXFileReference; lastKnownFileType = file.storyboard; name = Base; path = Base.lproj/LaunchScreen.storyboard; sourceTree = "<group>"; };
		7417833A1D8AB5120015534A /* Info.plist */ = {isa = PBXFileReference; lastKnownFileType = text.plist.xml; path = Info.plist; sourceTree = "<group>"; };
		741783401D8AB5590015534A /* ItemsViewController.h */ = {isa = PBXFileReference; fileEncoding = 4; lastKnownFileType = sourcecode.c.h; path = ItemsViewController.h; sourceTree = "<group>"; };
		741783411D8AB5590015534A /* ItemsViewController.m */ = {isa = PBXFileReference; fileEncoding = 4; lastKnownFileType = sourcecode.c.objc; path = ItemsViewController.m; sourceTree = "<group>"; };
		741783451D8AB74E0015534A /* Item.m */ = {isa = PBXFileReference; fileEncoding = 4; lastKnownFileType = sourcecode.c.objc; path = Item.m; sourceTree = "<group>"; };
		741783471D8AB7710015534A /* Item.h */ = {isa = PBXFileReference; lastKnownFileType = sourcecode.c.h; name = Item.h; path = ../Item.h; sourceTree = "<group>"; };
		741783481D8AB9B20015534A /* ItemStore.h */ = {isa = PBXFileReference; fileEncoding = 4; lastKnownFileType = sourcecode.c.h; path = ItemStore.h; sourceTree = "<group>"; };
		741783491D8AB9B20015534A /* ItemStore.m */ = {isa = PBXFileReference; fileEncoding = 4; lastKnownFileType = sourcecode.c.objc; path = ItemStore.m; sourceTree = "<group>"; };
/* End PBXFileReference section */

/* Begin PBXFrameworksBuildPhase section */
		741783231D8AB5120015534A /* Frameworks */ = {
			isa = PBXFrameworksBuildPhase;
			buildActionMask = 2147483647;
			files = (
			);
			runOnlyForDeploymentPostprocessing = 0;
		};
/* End PBXFrameworksBuildPhase section */

/* Begin PBXGroup section */
		7417831D1D8AB5120015534A = {
			isa = PBXGroup;
			children = (
				741783281D8AB5120015534A /* Homepwner */,
				741783271D8AB5120015534A /* Products */,
			);
			sourceTree = "<group>";
		};
		741783271D8AB5120015534A /* Products */ = {
			isa = PBXGroup;
			children = (
				741783261D8AB5120015534A /* Homepwner.app */,
			);
			name = Products;
			sourceTree = "<group>";
		};
		741783281D8AB5120015534A /* Homepwner */ = {
			isa = PBXGroup;
			children = (
				741783471D8AB7710015534A /* Item.h */,
				741783451D8AB74E0015534A /* Item.m */,
				741783481D8AB9B20015534A /* ItemStore.h */,
				741783491D8AB9B20015534A /* ItemStore.m */,
				741783401D8AB5590015534A /* ItemsViewController.h */,
				741783411D8AB5590015534A /* ItemsViewController.m */,
				7417832C1D8AB5120015534A /* AppDelegate.h */,
				7417832D1D8AB5120015534A /* AppDelegate.m */,
				741783321D8AB5120015534A /* Main.storyboard */,
				741783351D8AB5120015534A /* Assets.xcassets */,
				741783371D8AB5120015534A /* LaunchScreen.storyboard */,
				7417833A1D8AB5120015534A /* Info.plist */,
				741783291D8AB5120015534A /* Supporting Files */,
			);
			path = Homepwner;
			sourceTree = "<group>";
		};
		741783291D8AB5120015534A /* Supporting Files */ = {
			isa = PBXGroup;
			children = (
				7417832A1D8AB5120015534A /* main.m */,
			);
			name = "Supporting Files";
			sourceTree = "<group>";
		};
/* End PBXGroup section */

/* Begin PBXNativeTarget section */
		741783251D8AB5120015534A /* Homepwner */ = {
			isa = PBXNativeTarget;
			buildConfigurationList = 7417833D1D8AB5120015534A /* Build configuration list for PBXNativeTarget "Homepwner" */;
			buildPhases = (
				741783221D8AB5120015534A /* Sources */,
				741783231D8AB5120015534A /* Frameworks */,
				741783241D8AB5120015534A /* Resources */,
			);
			buildRules = (
			);
			dependencies = (
			);
			name = Homepwner;
			productName = Homepwner;
			productReference = 741783261D8AB5120015534A /* Homepwner.app */;
			productType = "com.apple.product-type.application";
		};
/* End PBXNativeTarget section */

/* Begin PBXProject section */
		7417831E1D8AB5120015534A /* Project object */ = {
			isa = PBXProject;
			attributes = {
				LastUpgradeCheck = 0800;
				ORGANIZATIONNAME = "Princess Sampson";
				TargetAttributes = {
					741783251D8AB5120015534A = {
						CreatedOnToolsVersion = 8.0;
						LastSwiftMigration = 0800;
						ProvisioningStyle = Automatic;
					};
				};
			};
			buildConfigurationList = 741783211D8AB5120015534A /* Build configuration list for PBXProject "Homepwner" */;
			compatibilityVersion = "Xcode 3.2";
			developmentRegion = English;
			hasScannedForEncodings = 0;
			knownRegions = (
				en,
				Base,
			);
			mainGroup = 7417831D1D8AB5120015534A;
			productRefGroup = 741783271D8AB5120015534A /* Products */;
			projectDirPath = "";
			projectRoot = "";
			targets = (
				741783251D8AB5120015534A /* Homepwner */,
			);
		};
/* End PBXProject section */

/* Begin PBXResourcesBuildPhase section */
		741783241D8AB5120015534A /* Resources */ = {
			isa = PBXResourcesBuildPhase;
			buildActionMask = 2147483647;
			files = (
				741783391D8AB5120015534A /* LaunchScreen.storyboard in Resources */,
				741783361D8AB5120015534A /* Assets.xcassets in Resources */,
				741783341D8AB5120015534A /* Main.storyboard in Resources */,
			);
			runOnlyForDeploymentPostprocessing = 0;
		};
/* End PBXResourcesBuildPhase section */

/* Begin PBXSourcesBuildPhase section */
		741783221D8AB5120015534A /* Sources */ = {
			isa = PBXSourcesBuildPhase;
			buildActionMask = 2147483647;
			files = (
				741783461D8AB74E0015534A /* Item.m in Sources */,
				741783421D8AB5590015534A /* ItemsViewController.m in Sources */,
				7417832E1D8AB5120015534A /* AppDelegate.m in Sources */,
				7417832B1D8AB5120015534A /* main.m in Sources */,
				7417834A1D8AB9B20015534A /* ItemStore.m in Sources */,
			);
			runOnlyForDeploymentPostprocessing = 0;
		};
/* End PBXSourcesBuildPhase section */

/* Begin PBXVariantGroup section */
		741783321D8AB5120015534A /* Main.storyboard */ = {
			isa = PBXVariantGroup;
			children = (
				741783331D8AB5120015534A /* Base */,
			);
			name = Main.storyboard;
			sourceTree = "<group>";
		};
		741783371D8AB5120015534A /* LaunchScreen.storyboard */ = {
			isa = PBXVariantGroup;
			children = (
				741783381D8AB5120015534A /* Base */,
			);
			name = LaunchScreen.storyboard;
			sourceTree = "<group>";
		};
/* End PBXVariantGroup section */

/* Begin XCBuildConfiguration section */
		7417833B1D8AB5120015534A /* Debug */ = {
			isa = XCBuildConfiguration;
			buildSettings = {
				ALWAYS_SEARCH_USER_PATHS = NO;
				CLANG_ANALYZER_NONNULL = YES;
				CLANG_CXX_LANGUAGE_STANDARD = "gnu++0x";
				CLANG_CXX_LIBRARY = "libc++";
				CLANG_ENABLE_MODULES = YES;
				CLANG_ENABLE_OBJC_ARC = YES;
				CLANG_WARN_BOOL_CONVERSION = YES;
				CLANG_WARN_CONSTANT_CONVERSION = YES;
				CLANG_WARN_DIRECT_OBJC_ISA_USAGE = YES_ERROR;
				CLANG_WARN_DOCUMENTATION_COMMENTS = YES;
				CLANG_WARN_EMPTY_BODY = YES;
				CLANG_WARN_ENUM_CONVERSION = YES;
				CLANG_WARN_INFINITE_RECURSION = YES;
				CLANG_WARN_INT_CONVERSION = YES;
				CLANG_WARN_OBJC_ROOT_CLASS = YES_ERROR;
				CLANG_WARN_SUSPICIOUS_MOVES = YES;
				CLANG_WARN_UNREACHABLE_CODE = YES;
				CLANG_WARN__DUPLICATE_METHOD_MATCH = YES;
				"CODE_SIGN_IDENTITY[sdk=iphoneos*]" = "iPhone Developer";
				COPY_PHASE_STRIP = NO;
				DEBUG_INFORMATION_FORMAT = dwarf;
				ENABLE_STRICT_OBJC_MSGSEND = YES;
				ENABLE_TESTABILITY = YES;
				GCC_C_LANGUAGE_STANDARD = gnu99;
				GCC_DYNAMIC_NO_PIC = NO;
				GCC_NO_COMMON_BLOCKS = YES;
				GCC_OPTIMIZATION_LEVEL = 0;
				GCC_PREPROCESSOR_DEFINITIONS = (
					"DEBUG=1",
					"$(inherited)",
				);
				GCC_WARN_64_TO_32_BIT_CONVERSION = YES;
				GCC_WARN_ABOUT_RETURN_TYPE = YES_ERROR;
				GCC_WARN_UNDECLARED_SELECTOR = YES;
				GCC_WARN_UNINITIALIZED_AUTOS = YES_AGGRESSIVE;
				GCC_WARN_UNUSED_FUNCTION = YES;
				GCC_WARN_UNUSED_VARIABLE = YES;
				IPHONEOS_DEPLOYMENT_TARGET = 10.0;
				MTL_ENABLE_DEBUG_INFO = YES;
				ONLY_ACTIVE_ARCH = YES;
				SDKROOT = iphoneos;
			};
			name = Debug;
		};
		7417833C1D8AB5120015534A /* Release */ = {
			isa = XCBuildConfiguration;
			buildSettings = {
				ALWAYS_SEARCH_USER_PATHS = NO;
				CLANG_ANALYZER_NONNULL = YES;
				CLANG_CXX_LANGUAGE_STANDARD = "gnu++0x";
				CLANG_CXX_LIBRARY = "libc++";
				CLANG_ENABLE_MODULES = YES;
				CLANG_ENABLE_OBJC_ARC = YES;
				CLANG_WARN_BOOL_CONVERSION = YES;
				CLANG_WARN_CONSTANT_CONVERSION = YES;
				CLANG_WARN_DIRECT_OBJC_ISA_USAGE = YES_ERROR;
				CLANG_WARN_DOCUMENTATION_COMMENTS = YES;
				CLANG_WARN_EMPTY_BODY = YES;
				CLANG_WARN_ENUM_CONVERSION = YES;
				CLANG_WARN_INFINITE_RECURSION = YES;
				CLANG_WARN_INT_CONVERSION = YES;
				CLANG_WARN_OBJC_ROOT_CLASS = YES_ERROR;
				CLANG_WARN_SUSPICIOUS_MOVES = YES;
				CLANG_WARN_UNREACHABLE_CODE = YES;
				CLANG_WARN__DUPLICATE_METHOD_MATCH = YES;
				"CODE_SIGN_IDENTITY[sdk=iphoneos*]" = "iPhone Developer";
				COPY_PHASE_STRIP = NO;
				DEBUG_INFORMATION_FORMAT = "dwarf-with-dsym";
				ENABLE_NS_ASSERTIONS = NO;
				ENABLE_STRICT_OBJC_MSGSEND = YES;
				GCC_C_LANGUAGE_STANDARD = gnu99;
				GCC_NO_COMMON_BLOCKS = YES;
				GCC_WARN_64_TO_32_BIT_CONVERSION = YES;
				GCC_WARN_ABOUT_RETURN_TYPE = YES_ERROR;
				GCC_WARN_UNDECLARED_SELECTOR = YES;
				GCC_WARN_UNINITIALIZED_AUTOS = YES_AGGRESSIVE;
				GCC_WARN_UNUSED_FUNCTION = YES;
				GCC_WARN_UNUSED_VARIABLE = YES;
				IPHONEOS_DEPLOYMENT_TARGET = 10.0;
				MTL_ENABLE_DEBUG_INFO = NO;
				SDKROOT = iphoneos;
				VALIDATE_PRODUCT = YES;
			};
			name = Release;
		};
		7417833E1D8AB5120015534A /* Debug */ = {
			isa = XCBuildConfiguration;
			buildSettings = {
				ASSETCATALOG_COMPILER_APPICON_NAME = AppIcon;
				CLANG_ENABLE_MODULES = YES;
				INFOPLIST_FILE = Homepwner/Info.plist;
				LD_RUNPATH_SEARCH_PATHS = "$(inherited) @executable_path/Frameworks";
				PRODUCT_BUNDLE_IDENTIFIER = com.psamp.Homepwner;
				PRODUCT_NAME = "$(TARGET_NAME)";
				SWIFT_OPTIMIZATION_LEVEL = "-Onone";
				SWIFT_VERSION = 3.0;
			};
			name = Debug;
		};
		7417833F1D8AB5120015534A /* Release */ = {
			isa = XCBuildConfiguration;
			buildSettings = {
				ASSETCATALOG_COMPILER_APPICON_NAME = AppIcon;
				CLANG_ENABLE_MODULES = YES;
				INFOPLIST_FILE = Homepwner/Info.plist;
				LD_RUNPATH_SEARCH_PATHS = "$(inherited) @executable_path/Frameworks";
				PRODUCT_BUNDLE_IDENTIFIER = com.psamp.Homepwner;
				PRODUCT_NAME = "$(TARGET_NAME)";
				SWIFT_VERSION = 3.0;
			};
			name = Release;
		};
/* End XCBuildConfiguration section */

/* Begin XCConfigurationList section */
		741783211D8AB5120015534A /* Build configuration list for PBXProject "Homepwner" */ = {
			isa = XCConfigurationList;
			buildConfigurations = (
				7417833B1D8AB5120015534A /* Debug */,
				7417833C1D8AB5120015534A /* Release */,
			);
			defaultConfigurationIsVisible = 0;
			defaultConfigurationName = Release;
		};
		7417833D1D8AB5120015534A /* Build configuration list for PBXNativeTarget "Homepwner" */ = {
			isa = XCConfigurationList;
			buildConfigurations = (
				7417833E1D8AB5120015534A /* Debug */,
				7417833F1D8AB5120015534A /* Release */,
			);
			defaultConfigurationIsVisible = 0;
		};
/* End XCConfigurationList section */
	};
	rootObject = 7417831E1D8AB5120015534A /* Project object */;
}
